<?xml version="1.0" encoding="utf-8"?>
<Project ToolsVersion="4.0" xmlns="http://schemas.microsoft.com/developer/msbuild/2003">
  <ItemGroup>
    <Filter Include="CppSDK">
      <UniqueIdentifier>{a1e90740-071a-56c4-8e43-2ed8a343a062}</UniqueIdentifier>
    </Filter>
    <Filter Include="CppSDK\SDK">
      <UniqueIdentifier>{d7834b2c-1ad1-536d-b05e-192f018d2c2f}</UniqueIdentifier>
    </Filter>
    <Filter Include="Randomizer">
      <UniqueIdentifier>{55b20edc-f7a2-578e-8d5a-44b2608216d7}</UniqueIdentifier>
    </Filter>
    <Filter Include="extern">
      <UniqueIdentifier>{e51f9fce-bae6-5809-bf11-1ec30b40b9f4}</UniqueIdentifier>
    </Filter>
    <Filter Include="extern\apclientcpp">
      <UniqueIdentifier>{d543b3ce-394e-55d7-b9a9-b40cafa94f7d}</UniqueIdentifier>
    </Filter>
    <Filter Include="extern\imgui">
      <UniqueIdentifier>{09e704cd-e80e-5dae-a2f9-ce6530500c1d}</UniqueIdentifier>
    </Filter>
    <Filter Include="extern\imgui\backends">
      <UniqueIdentifier>{2828b2e5-4aa7-5bc6-94c2-cc945dd1d6cc}</UniqueIdentifier>
    </Filter>
    <Filter Include="extern\kiero">
      <UniqueIdentifier>{0799ed98-62cc-5729-a0aa-045badb4049e}</UniqueIdentifier>
    </Filter>
    <Filter Include="extern\kiero\impl">
      <UniqueIdentifier>{54d3f583-8b82-5c40-9f31-b9035338ff88}</UniqueIdentifier>
    </Filter>
    <Filter Include="extern\minhook">
      <UniqueIdentifier>{d7a0ef86-ad71-53ae-be56-0c411f532f19}</UniqueIdentifier>
    </Filter>
    <Filter Include="extern\minhook\src">
      <UniqueIdentifier>{84ed00ad-d0d7-50c8-a347-09a5006f9d84}</UniqueIdentifier>
    </Filter>
    <Filter Include="extern\minhook\src\hde">
      <UniqueIdentifier>{ff01efd2-08a2-56e0-8fee-81e99b38b1dd}</UniqueIdentifier>
    </Filter>
    <Filter Include="version">
      <UniqueIdentifier>{4f1fcc9b-2de2-5981-ae64-9c503d29ebee}</UniqueIdentifier>
    </Filter>
  </ItemGroup>
  <ItemGroup>
    <ClCompile Include="CppSDK\SDK\CoreUObject_functions.cpp">
      <Filter>CppSDK\SDK</Filter>
    </ClCompile>
    <ClCompile Include="CppSDK\SDK\Engine_functions.cpp">
      <Filter>CppSDK\SDK</Filter>
    </ClCompile>
    <ClCompile Include="CppSDK\SDK\Zion_functions.cpp">
      <Filter>CppSDK\SDK</Filter>
    </ClCompile>
    <ClCompile Include="extern\imgui\backends\imgui_impl_dx11.cpp">
      <Filter>extern\imgui\backends</Filter>
    </ClCompile>
    <ClCompile Include="extern\imgui\backends\imgui_impl_dx12.cpp">
      <Filter>extern\imgui\backends</Filter>
    </ClCompile>
    <ClCompile Include="extern\imgui\backends\imgui_impl_win32.cpp">
      <Filter>extern\imgui\backends</Filter>
    </ClCompile>
    <ClCompile Include="extern\imgui\imgui.cpp">
      <Filter>extern\imgui</Filter>
    </ClCompile>
    <ClCompile Include="extern\imgui\imgui_demo.cpp">
      <Filter>extern\imgui</Filter>
    </ClCompile>
    <ClCompile Include="extern\imgui\imgui_draw.cpp">
      <Filter>extern\imgui</Filter>
    </ClCompile>
    <ClCompile Include="extern\imgui\imgui_tables.cpp">
      <Filter>extern\imgui</Filter>
    </ClCompile>
    <ClCompile Include="extern\imgui\imgui_widgets.cpp">
      <Filter>extern\imgui</Filter>
    </ClCompile>
    <ClCompile Include="extern\kiero\impl\d3d11_impl.cpp">
      <Filter>extern\kiero\impl</Filter>
    </ClCompile>
    <ClCompile Include="extern\kiero\impl\d3d12_impl.cpp">
      <Filter>extern\kiero\impl</Filter>
    </ClCompile>
    <ClCompile Include="extern\kiero\impl\shared.cpp">
      <Filter>extern\kiero\impl</Filter>
    </ClCompile>
    <ClCompile Include="extern\kiero\impl\win32_impl.cpp">
      <Filter>extern\kiero\impl</Filter>
    </ClCompile>
    <ClCompile Include="extern\kiero\kiero.cpp">
      <Filter>extern\kiero</Filter>
    </ClCompile>
    <ClCompile Include="extern\minhook\src\buffer.c">
      <Filter>extern\minhook\src</Filter>
    </ClCompile>
    <ClCompile Include="extern\minhook\src\hde\hde32.c">
      <Filter>extern\minhook\src\hde</Filter>
    </ClCompile>
    <ClCompile Include="extern\minhook\src\hde\hde64.c">
      <Filter>extern\minhook\src\hde</Filter>
    </ClCompile>
    <ClCompile Include="extern\minhook\src\hook.c">
      <Filter>extern\minhook\src</Filter>
    </ClCompile>
    <ClCompile Include="extern\minhook\src\trampoline.c">
      <Filter>extern\minhook\src</Filter>
    </ClCompile>
    <ClCompile Include="Randomizer\DebugTeleporter.cpp">
      <Filter>Randomizer</Filter>
    </ClCompile>
    <ClCompile Include="Randomizer\Configuration.cpp">
      <Filter>Randomizer</Filter>
    </ClCompile>
    <ClCompile Include="Randomizer\CustomItemRegistry.cpp">
      <Filter>Randomizer</Filter>
    </ClCompile>
    <ClCompile Include="Randomizer\OfflineSource.cpp">
      <Filter>Randomizer</Filter>
    </ClCompile>
    <ClCompile Include="Randomizer\ArchipelagoSource.cpp">
      <Filter>Randomizer</Filter>
    </ClCompile>
    <ClCompile Include="Randomizer\VTableTools.cpp">
      <Filter>Randomizer</Filter>
    </ClCompile>
    <ClCompile Include="CppSDK\SDK\Basic.cpp">
      <Filter>CppSDK\SDK</Filter>
    </ClCompile>
    <ClCompile Include="dllmain.cpp" />
    <ClCompile Include="Randomizer\GameManager.cpp">
      <Filter>Randomizer</Filter>
    </ClCompile>
    <ClCompile Include="Randomizer\HookManager.cpp">
      <Filter>Randomizer</Filter>
    </ClCompile>
    <ClCompile Include="Randomizer\HookProbe.cpp">
      <Filter>Randomizer</Filter>
    </ClCompile>
    <ClCompile Include="Randomizer\Logger.cpp">
      <Filter>Randomizer</Filter>
    </ClCompile>
    <ClCompile Include="Randomizer\ItemReplacer.cpp">
      <Filter>Randomizer</Filter>
    </ClCompile>
    <ClCompile Include="Randomizer\DataTableRowInserter.cpp">
      <Filter>Randomizer</Filter>
    </ClCompile>
    <ClCompile Include="CppSDK\SDK\EventSystem_functions.cpp" />
    <ClCompile Include="Randomizer\GUI.cpp" />
  </ItemGroup>
  <ItemGroup>
    <ClInclude Include="CppSDK\SDK\Engine_classes.hpp">
      <Filter>CppSDK\SDK</Filter>
    </ClInclude>
    <ClInclude Include="CppSDK\SDK\Engine_parameters.hpp">
      <Filter>CppSDK\SDK</Filter>
    </ClInclude>
    <ClInclude Include="CppSDK\SDK\Engine_structs.hpp">
      <Filter>CppSDK\SDK</Filter>
    </ClInclude>
    <ClInclude Include="CppSDK\SDK\Zion_classes.hpp">
      <Filter>CppSDK\SDK</Filter>
    </ClInclude>
    <ClInclude Include="extern\apclientcpp\apclient.hpp">
      <Filter>extern\apclientcpp</Filter>
    </ClInclude>
    <ClInclude Include="extern\apclientcpp\apuuid.hpp">
      <Filter>extern\apclientcpp</Filter>
    </ClInclude>
    <ClInclude Include="extern\apclientcpp\defaultdatapackagestore.hpp">
      <Filter>extern\apclientcpp</Filter>
    </ClInclude>
    <ClInclude Include="extern\imgui\backends\imgui_impl_dx11.h">
      <Filter>extern\imgui\backends</Filter>
    </ClInclude>
    <ClInclude Include="extern\imgui\backends\imgui_impl_dx12.h">
      <Filter>extern\imgui\backends</Filter>
    </ClInclude>
    <ClInclude Include="extern\imgui\imconfig.h">
      <Filter>extern\imgui</Filter>
    </ClInclude>
    <ClInclude Include="extern\imgui\imgui_internal.h">
      <Filter>extern\imgui</Filter>
    </ClInclude>
    <ClInclude Include="extern\imgui\imstb_rectpack.h">
      <Filter>extern\imgui</Filter>
    </ClInclude>
    <ClInclude Include="extern\imgui\imstb_textedit.h">
      <Filter>extern\imgui</Filter>
    </ClInclude>
    <ClInclude Include="extern\imgui\imstb_truetype.h">
      <Filter>extern\imgui</Filter>
    </ClInclude>
    <ClInclude Include="extern\kiero\impl\d3d11_impl.h">
      <Filter>extern\kiero\impl</Filter>
    </ClInclude>
    <ClInclude Include="extern\kiero\impl\d3d12_impl.h">
      <Filter>extern\kiero\impl</Filter>
    </ClInclude>
    <ClInclude Include="extern\kiero\impl\shared.h">
      <Filter>extern\kiero\impl</Filter>
    </ClInclude>
    <ClInclude Include="extern\kiero\impl\win32_impl.h">
      <Filter>extern\kiero\impl</Filter>
    </ClInclude>
    <ClInclude Include="extern\kiero\kiero.h">
      <Filter>extern\kiero</Filter>
    </ClInclude>
    <ClInclude Include="extern\minhook\src\buffer.h">
      <Filter>extern\minhook\src</Filter>
    </ClInclude>
    <ClInclude Include="extern\minhook\src\hde\hde32.h">
      <Filter>extern\minhook\src\hde</Filter>
    </ClInclude>
    <ClInclude Include="extern\minhook\src\hde\hde64.h">
      <Filter>extern\minhook\src\hde</Filter>
    </ClInclude>
    <ClInclude Include="extern\minhook\src\hde\pstdint.h">
      <Filter>extern\minhook\src\hde</Filter>
    </ClInclude>
    <ClInclude Include="extern\minhook\src\hde\table32.h">
      <Filter>extern\minhook\src\hde</Filter>
    </ClInclude>
    <ClInclude Include="extern\minhook\src\hde\table64.h">
      <Filter>extern\minhook\src\hde</Filter>
    </ClInclude>
    <ClInclude Include="extern\minhook\src\trampoline.h">
      <Filter>extern\minhook\src</Filter>
    </ClInclude>
    <ClInclude Include="Randomizer\DebugTeleporter.h">
      <Filter>Randomizer</Filter>
    </ClInclude>
    <ClInclude Include="Randomizer\Configuration.h">
      <Filter>Randomizer</Filter>
    </ClInclude>
    <ClInclude Include="Randomizer\CustomItemRegistry.h">
      <Filter>Randomizer</Filter>
    </ClInclude>
    <ClInclude Include="Randomizer\IItemSource.h">
      <Filter>Randomizer</Filter>
    </ClInclude>
    <ClInclude Include="Randomizer\OfflineSource.h">
      <Filter>Randomizer</Filter>
    </ClInclude>
    <ClInclude Include="Randomizer\ArchipelagoSource.h">
      <Filter>Randomizer</Filter>
    </ClInclude>
    <ClInclude Include="Randomizer\VTableTools.h">
      <Filter>Randomizer</Filter>
    </ClInclude>
    <ClInclude Include="CppSDK\SDK.hpp">
      <Filter>CppSDK</Filter>
    </ClInclude>
    <ClInclude Include="CppSDK\SDK\Basic.hpp">
      <Filter>CppSDK\SDK</Filter>
    </ClInclude>
    <ClInclude Include="Randomizer\GameManager.h">
      <Filter>Randomizer</Filter>
    </ClInclude>
    <ClInclude Include="Randomizer\HookManager.h">
      <Filter>Randomizer</Filter>
    </ClInclude>
    <ClInclude Include="Randomizer\HookProbe.h">
      <Filter>Randomizer</Filter>
    </ClInclude>
    <ClInclude Include="Randomizer\Logger.h">
      <Filter>Randomizer</Filter>
    </ClInclude>
    <ClInclude Include="Randomizer\ItemReplacer.h">
      <Filter>Randomizer</Filter>
    </ClInclude>
    <ClInclude Include="Randomizer\DataTableRowInserter.h">
      <Filter>Randomizer</Filter>
    </ClInclude>
    <ClInclude Include="version\version.h">
      <Filter>version</Filter>
    </ClInclude>
    <ClInclude Include="Randomizer\GUI.h" />
  </ItemGroup>
  <ItemGroup>
    <None Include="packages.config" />
    <None Include="version\version.def">
      <Filter>version</Filter>
    </None>
  </ItemGroup>
</Project>