<?xml version="1.0" encoding="utf-8"?>
<Project ToolsVersion="4.0" xmlns="http://schemas.microsoft.com/developer/msbuild/2003">
  <ItemGroup>
    <Filter Include="Source Files">
      <UniqueIdentifier>{4FC737F1-C7A5-4376-A066-2A32D752A2FF}</UniqueIdentifier>
      <Extensions>cpp;c;cc;cxx;c++;cppm;ixx;def;odl;idl;hpj;bat;asm;asmx</Extensions>
    </Filter>
    <Filter Include="Resource Files">
      <UniqueIdentifier>{67DA6AB6-F800-4c08-8B7A-83BB121AAD01}</UniqueIdentifier>
      <Extensions>rc;ico;cur;bmp;dlg;rc2;rct;bin;rgs;gif;jpg;jpeg;jpe;resx;tiff;tif;png;wav;mfcribbon-ms</Extensions>
    </Filter>
    <Filter Include="Source Files\SDK">
      <UniqueIdentifier>{441f1dbc-b54e-4210-831a-1c805b8d07f6}</UniqueIdentifier>
      <Extensions>cpp</Extensions>
    </Filter>
    <Filter Include="Source Files\SDK\Headers">
      <UniqueIdentifier>{7e8ad442-34a3-4b34-837b-730a5c1097f0}</UniqueIdentifier>
      <Extensions>
      </Extensions>
    </Filter>
    <Filter Include="Source Files\version">
      <UniqueIdentifier>{780554b1-6b04-4cdd-8d3e-d78f938c758e}</UniqueIdentifier>
    </Filter>
    <Filter Include="Source Files\Randomizer">
      <UniqueIdentifier>{f3cdb9c6-d8d8-4897-bcf2-bc441650b9b2}</UniqueIdentifier>
    </Filter>
    <Filter Include="Source Files\Randomizer\Sources">
      <UniqueIdentifier>{951af2af-25d9-4198-aa74-66656e4c055e}</UniqueIdentifier>
      <Extensions>cpp;c;cc;cxx;c++;cppm</Extensions>
    </Filter>
    <Filter Include="Source Files\Randomizer\Headers">
      <UniqueIdentifier>{4dc62b9e-1788-4584-9f6f-d3b0afa040cb}</UniqueIdentifier>
      <Extensions>h;hpp</Extensions>
    </Filter>
    <Filter Include="Source Files\SDK\Sources">
      <UniqueIdentifier>{d1a48895-2d99-4a5e-83c4-e1d5162bc0db}</UniqueIdentifier>
      <Extensions>
      </Extensions>
    </Filter>
    <Filter Include="Source Files\libdetour">
      <UniqueIdentifier>{248f6bd2-fab5-4d44-87bf-103e23434977}</UniqueIdentifier>
    </Filter>
    <Filter Include="Source Files\apclientcpp">
      <UniqueIdentifier>{2fde1fdb-7156-48a6-8b3f-5f0b0266e9aa}</UniqueIdentifier>
    </Filter>
    <Filter Include="Source Files\imgui">
      <UniqueIdentifier>{5bfc51d0-81dc-4c84-a9b8-caf6d4ce307d}</UniqueIdentifier>
    </Filter>
    <Filter Include="Source Files\kiero">
      <UniqueIdentifier>{ae0e05a5-4cdf-46ae-9f01-f10639db6515}</UniqueIdentifier>
    </Filter>
    <Filter Include="Source Files\minhook">
      <UniqueIdentifier>{c2502367-a1a7-436d-932d-6277fd18234a}</UniqueIdentifier>
    </Filter>
  </ItemGroup>
  <ItemGroup>
    <ClInclude Include="version\version.h">
      <Filter>Source Files\version</Filter>
    </ClInclude>
    <ClInclude Include="extern\libdetour\libdetour.h">
      <Filter>Source Files\libdetour</Filter>
    </ClInclude>
    <ClInclude Include="CppSDK\SDK.hpp">
      <Filter>Source Files\SDK\Headers</Filter>
    </ClInclude>
    <ClInclude Include="CppSDK\SDK\Basic.hpp">
      <Filter>Source Files\SDK\Headers</Filter>
    </ClInclude>
    <ClInclude Include="CppSDK\SDK\Engine_classes.hpp">
      <Filter>Source Files\SDK\Headers</Filter>
    </ClInclude>
    <ClInclude Include="CppSDK\SDK\Engine_parameters.hpp">
      <Filter>Source Files\SDK\Headers</Filter>
    </ClInclude>
    <ClInclude Include="CppSDK\SDK\Engine_structs.hpp">
      <Filter>Source Files\SDK\Headers</Filter>
    </ClInclude>
    <ClInclude Include="Randomizer\HookManager.h">
      <Filter>Source Files\Randomizer\Headers</Filter>
    </ClInclude>
    <ClInclude Include="Randomizer\Logger.h">
      <Filter>Source Files\Randomizer\Headers</Filter>
    </ClInclude>
    <ClInclude Include="Randomizer\Configuration.h">
      <Filter>Source Files\Randomizer\Headers</Filter>
    </ClInclude>
    <ClInclude Include="Randomizer\GameManager.h">
      <Filter>Source Files\Randomizer\Headers</Filter>
    </ClInclude>
    <ClInclude Include="Randomizer\ItemReplacer.h">
      <Filter>Source Files\Randomizer\Headers</Filter>
    </ClInclude>
    <ClInclude Include="Randomizer\DebugTeleporter.h">
      <Filter>Source Files\Randomizer\Headers</Filter>
    </ClInclude>
    <ClInclude Include="extern\apclientcpp\apuuid.hpp">
      <Filter>Source Files\apclientcpp</Filter>
    </ClInclude>
    <ClInclude Include="extern\apclientcpp\defaultdatapackagestore.hpp">
      <Filter>Source Files\apclientcpp</Filter>
    </ClInclude>
    <ClInclude Include="extern\apclientcpp\apclient.hpp">
      <Filter>Source Files\apclientcpp</Filter>
    </ClInclude>
    <ClInclude Include="CppSDK\SDK\Zion_classes.hpp">
      <Filter>Source Files\SDK\Headers</Filter>
    </ClInclude>
    <ClInclude Include="extern\imgui\backends\imgui_impl_dx11.h">
      <Filter>Source Files\imgui</Filter>
    </ClInclude>
    <ClInclude Include="extern\imgui\backends\imgui_impl_dx12.h">
      <Filter>Source Files\imgui</Filter>
    </ClInclude>
    <ClInclude Include="extern\imgui\imconfig.h">
      <Filter>Source Files\imgui</Filter>
    </ClInclude>
    <ClInclude Include="extern\imgui\imgui_internal.h">
      <Filter>Source Files\imgui</Filter>
    </ClInclude>
    <ClInclude Include="extern\imgui\imstb_rectpack.h">
      <Filter>Source Files\imgui</Filter>
    </ClInclude>
    <ClInclude Include="extern\imgui\imstb_textedit.h">
      <Filter>Source Files\imgui</Filter>
    </ClInclude>
    <ClInclude Include="extern\imgui\imstb_truetype.h">
      <Filter>Source Files\imgui</Filter>
    </ClInclude>
    <ClInclude Include="GUI.h">
      <Filter>Source Files\Randomizer\Headers</Filter>
    </ClInclude>
    <ClInclude Include="extern\kiero\kiero.h">
      <Filter>Source Files\kiero</Filter>
    </ClInclude>
    <ClInclude Include="extern\kiero\impl\d3d11_impl.h">
      <Filter>Source Files\kiero</Filter>
    </ClInclude>
    <ClInclude Include="extern\kiero\impl\win32_impl.h">
      <Filter>Source Files\kiero</Filter>
    </ClInclude>
    <ClInclude Include="extern\kiero\impl\shared.h">
      <Filter>Source Files\kiero</Filter>
    </ClInclude>
    <ClInclude Include="extern\minhook\src\buffer.h">
      <Filter>Source Files\minhook</Filter>
    </ClInclude>
    <ClInclude Include="extern\minhook\src\trampoline.h">
      <Filter>Source Files\minhook</Filter>
    </ClInclude>
    <ClInclude Include="extern\minhook\src\hde\hde64.h">
      <Filter>Source Files\minhook</Filter>
    </ClInclude>
    <ClInclude Include="extern\minhook\src\hde\pstdint.h">
      <Filter>Source Files\minhook</Filter>
    </ClInclude>
    <ClInclude Include="extern\minhook\src\hde\table32.h">
      <Filter>Source Files\minhook</Filter>
    </ClInclude>
    <ClInclude Include="extern\minhook\src\hde\table64.h">
      <Filter>Source Files\minhook</Filter>
    </ClInclude>
    <ClInclude Include="extern\minhook\src\hde\hde32.h">
      <Filter>Source Files\minhook</Filter>
    </ClInclude>
  </ItemGroup>
  <ItemGroup>
    <ClCompile Include="dllmain.cpp">
      <Filter>Source Files</Filter>
    </ClCompile>
    <ClCompile Include="extern\libdetour\libdetour.c">
      <Filter>Source Files\libdetour</Filter>
    </ClCompile>
    <ClCompile Include="CppSDK\SDK\Basic.cpp">
      <Filter>Source Files\SDK\Sources</Filter>
    </ClCompile>
    <ClCompile Include="CppSDK\SDK\Engine_functions.cpp">
      <Filter>Source Files\SDK\Sources</Filter>
    </ClCompile>
    <ClCompile Include="CppSDK\SDK\CoreUObject_functions.cpp">
      <Filter>Source Files\SDK\Sources</Filter>
    </ClCompile>
    <ClCompile Include="CppSDK\SDK\Zion_functions.cpp">
      <Filter>Source Files\SDK\Sources</Filter>
    </ClCompile>
    <ClCompile Include="Randomizer\HookManager.cpp">
      <Filter>Source Files\Randomizer\Sources</Filter>
    </ClCompile>
    <ClCompile Include="Randomizer\Logger.cpp">
      <Filter>Source Files\Randomizer\Sources</Filter>
    </ClCompile>
    <ClCompile Include="Randomizer\Configuration.cpp">
      <Filter>Source Files\Randomizer\Sources</Filter>
    </ClCompile>
    <ClCompile Include="Randomizer\GameManager.cpp">
      <Filter>Source Files\Randomizer\Sources</Filter>
    </ClCompile>
    <ClCompile Include="Randomizer\ItemReplacer.cpp">
      <Filter>Source Files\Randomizer\Sources</Filter>
    </ClCompile>
    <ClCompile Include="Randomizer\DebugTeleporter.cpp">
      <Filter>Source Files\Randomizer\Sources</Filter>
    </ClCompile>
    <ClCompile Include="extern\imgui\imgui.cpp">
      <Filter>Source Files\imgui</Filter>
    </ClCompile>
    <ClCompile Include="extern\imgui\backends\imgui_impl_dx12.cpp">
      <Filter>Source Files\imgui</Filter>
    </ClCompile>
    <ClCompile Include="extern\imgui\backends\imgui_impl_dx11.cpp">
      <Filter>Source Files\imgui</Filter>
    </ClCompile>
    <ClCompile Include="extern\imgui\imgui_demo.cpp">
      <Filter>Source Files\imgui</Filter>
    </ClCompile>
    <ClCompile Include="extern\imgui\imgui_draw.cpp">
      <Filter>Source Files\imgui</Filter>
    </ClCompile>
    <ClCompile Include="extern\imgui\imgui_tables.cpp">
      <Filter>Source Files\imgui</Filter>
    </ClCompile>
    <ClCompile Include="extern\imgui\imgui_widgets.cpp">
      <Filter>Source Files\imgui</Filter>
    </ClCompile>
    <ClCompile Include="extern\imgui\backends\imgui_impl_win32.cpp">
      <Filter>Source Files\imgui</Filter>
    </ClCompile>
    <ClCompile Include="GUI.cpp">
      <Filter>Source Files\Randomizer\Sources</Filter>
    </ClCompile>
    <ClCompile Include="extern\kiero\kiero.cpp">
      <Filter>Source Files\kiero</Filter>
    </ClCompile>
    <ClCompile Include="extern\kiero\impl\d3d11_impl.cpp">
      <Filter>Source Files\kiero</Filter>
    </ClCompile>
    <ClCompile Include="extern\kiero\impl\shared.cpp">
      <Filter>Source Files\kiero</Filter>
    </ClCompile>
    <ClCompile Include="extern\kiero\impl\win32_impl.cpp">
      <Filter>Source Files\kiero</Filter>
    </ClCompile>
    <ClCompile Include="extern\minhook\src\buffer.c">
      <Filter>Source Files\minhook</Filter>
    </ClCompile>
    <ClCompile Include="extern\minhook\src\hook.c">
      <Filter>Source Files\minhook</Filter>
    </ClCompile>
    <ClCompile Include="extern\minhook\src\trampoline.c">
      <Filter>Source Files\minhook</Filter>
    </ClCompile>
    <ClCompile Include="extern\minhook\src\hde\hde64.c">
      <Filter>Source Files\minhook</Filter>
    </ClCompile>
    <ClCompile Include="extern\minhook\src\hde\hde32.c">
      <Filter>Source Files\minhook</Filter>
    </ClCompile>
  </ItemGroup>
  <ItemGroup>
    <None Include="version\version.def">
      <Filter>Source Files\version</Filter>
    </None>
    <None Include="packages.config" />
  </ItemGroup>
</Project>